
Microsoft Visual Studio Solution File, Format Version 12.00
# Visual Studio Version 17
VisualStudioVersion = 17.5.002.0
MinimumVisualStudioVersion = 10.0.40219.1
Project("{9A19103F-16F7-4668-BE54-9A1E7A4F7556}") = "lightinmyjune-api", "lightinmyjune-api.csproj", "{57287A54-EDDA-4CD6-9B53-C8B5219D7388}"
EndProject
Global
	GlobalSection(SolutionConfigurationPlatforms) = preSolution
		Debug|Any CPU = Debug|Any CPU
		Release|Any CPU = Release|Any CPU
	EndGlobalSection
	GlobalSection(ProjectConfigurationPlatforms) = postSolution
		{57287A54-EDDA-4CD6-9B53-C8B5219D7388}.Debug|Any CPU.ActiveCfg = Debug|Any CPU
		{57287A54-EDDA-4CD6-9B53-C8B5219D7388}.Debug|Any CPU.Build.0 = Debug|Any CPU
		{57287A54-EDDA-4CD6-9B53-C8B5219D7388}.Release|Any CPU.ActiveCfg = Release|Any CPU
		{57287A54-EDDA-4CD6-9B53-C8B5219D7388}.Release|Any CPU.Build.0 = Release|Any CPU
	EndGlobalSection
	GlobalSection(SolutionProperties) = preSolution
		HideSolutionNode = FALSE
	EndGlobalSection
	GlobalSection(ExtensibilityGlobals) = postSolution
		SolutionGuid = {EEDFD818-4F82-4F13-9279-F746A71109F5}
	EndGlobalSection
EndGlobal
