
Microsoft Visual Studio Solution File, Format Version 12.00
# Visual Studio Version 17
VisualStudioVersion = 17.5.002.0
MinimumVisualStudioVersion = 10.0.40219.1
Project("{9A19103F-16F7-4668-BE54-9A1E7A4F7556}") = "lightinmyjune-api", "lightinmyjune-api\lightinmyjune-api.csproj", "{7920450A-B3E0-419A-A7EA-794C3483DE2A}"
EndProject
Global
	GlobalSection(SolutionConfigurationPlatforms) = preSolution
		Debug|Any CPU = Debug|Any CPU
		Release|Any CPU = Release|Any CPU
	EndGlobalSection
	GlobalSection(ProjectConfigurationPlatforms) = postSolution
		{7920450A-B3E0-419A-A7EA-794C3483DE2A}.Debug|Any CPU.ActiveCfg = Debug|Any CPU
		{7920450A-B3E0-419A-A7EA-794C3483DE2A}.Debug|Any CPU.Build.0 = Debug|Any CPU
		{7920450A-B3E0-419A-A7EA-794C3483DE2A}.Release|Any CPU.ActiveCfg = Release|Any CPU
		{7920450A-B3E0-419A-A7EA-794C3483DE2A}.Release|Any CPU.Build.0 = Release|Any CPU
	EndGlobalSection
	GlobalSection(SolutionProperties) = preSolution
		HideSolutionNode = FALSE
	EndGlobalSection
	GlobalSection(ExtensibilityGlobals) = postSolution
		SolutionGuid = {DC4C1B94-44B6-4884-A20D-C22D2E62EE16}
	EndGlobalSection
EndGlobal
